{
  "name": "cmc-cookies-manager",
  "version": "1.0.6",
  "lockfileVersion": 3,
  "requires": true,
  "packages": {
    "": {
      "name": "cmc-cookies-manager",
      "version": "1.0.6",
      "license": "MIT",
      "dependencies": {
        "govuk-frontend": "^4.6.0"
      }
    },
    "node_modules/govuk-frontend": {
      "version": "4.6.0",
      "resolved": "https://registry.npmjs.org/govuk-frontend/-/govuk-frontend-4.6.0.tgz",
      "integrity": "sha512-pLJVHVvfsTmNDBH/YBCMyuqSMCQmOrNQXoThdcAzhXJVbuaWnGc1URvjOR7EJeZyOm101fHDjzTkTvpEy6zfiw==",
      "engines": {
        "node": ">= 4.2.0"
      }
    }
  }
}
